
Microsoft Visual Studio Solution File, Format Version 12.00
# Visual Studio Version 16
VisualStudioVersion = 16.0.29728.190
MinimumVisualStudioVersion = 10.0.40219.1
Project("{FAE04EC0-301F-11D3-BF4B-00C04F79EFBC}") = "TipCalcutor", "TipCalcutor\TipCalcutor.csproj", "{92D56E35-626C-46D6-B21D-1C31E6D797DD}"
EndProject
Global
	GlobalSection(SolutionConfigurationPlatforms) = preSolution
		Debug|Any CPU = Debug|Any CPU
		Release|Any CPU = Release|Any CPU
	EndGlobalSection
	GlobalSection(ProjectConfigurationPlatforms) = postSolution
		{92D56E35-626C-46D6-B21D-1C31E6D797DD}.Debug|Any CPU.ActiveCfg = Debug|Any CPU
		{92D56E35-626C-46D6-B21D-1C31E6D797DD}.Debug|Any CPU.Build.0 = Debug|Any CPU
		{92D56E35-626C-46D6-B21D-1C31E6D797DD}.Debug|Any CPU.Deploy.0 = Debug|Any CPU
		{92D56E35-626C-46D6-B21D-1C31E6D797DD}.Release|Any CPU.ActiveCfg = Release|Any CPU
		{92D56E35-626C-46D6-B21D-1C31E6D797DD}.Release|Any CPU.Build.0 = Release|Any CPU
		{92D56E35-626C-46D6-B21D-1C31E6D797DD}.Release|Any CPU.Deploy.0 = Release|Any CPU
	EndGlobalSection
	GlobalSection(SolutionProperties) = preSolution
		HideSolutionNode = FALSE
	EndGlobalSection
	GlobalSection(ExtensibilityGlobals) = postSolution
		SolutionGuid = {3CB3F96B-5469-4AF4-9C2B-E4B04DDFE5D7}
	EndGlobalSection
EndGlobal
